
Microsoft Visual Studio Solution File, Format Version 12.00
# Visual Studio Version 17
VisualStudioVersion = 17.1.32407.343
MinimumVisualStudioVersion = 10.0.40219.1
Project("{9A19103F-16F7-4668-BE54-9A1E7A4F7556}") = "Console_AppProgram", "Console_AppProgram.csproj", "{8FC561E4-80C2-4BF8-B4FA-B4503A4677D2}"
EndProject
Project("{9A19103F-16F7-4668-BE54-9A1E7A4F7556}") = "Console_InputApplication", "..\Console_InputApplication\Console_InputApplication.csproj", "{57D21A6E-1C72-46ED-BBC5-AA424F1684F6}"
EndProject
Project("{9A19103F-16F7-4668-BE54-9A1E7A4F7556}") = "Console_UsersDbApplication", "..\Console_UsersDbApplication\Console_UsersDbApplication.csproj", "{FFB224D3-696F-4698-8073-BD4FC00A98DD}"
EndProject
Global
	GlobalSection(SolutionConfigurationPlatforms) = preSolution
		Debug|Any CPU = Debug|Any CPU
		Release|Any CPU = Release|Any CPU
	EndGlobalSection
	GlobalSection(ProjectConfigurationPlatforms) = postSolution
		{8FC561E4-80C2-4BF8-B4FA-B4503A4677D2}.Debug|Any CPU.ActiveCfg = Debug|Any CPU
		{8FC561E4-80C2-4BF8-B4FA-B4503A4677D2}.Debug|Any CPU.Build.0 = Debug|Any CPU
		{8FC561E4-80C2-4BF8-B4FA-B4503A4677D2}.Release|Any CPU.ActiveCfg = Release|Any CPU
		{8FC561E4-80C2-4BF8-B4FA-B4503A4677D2}.Release|Any CPU.Build.0 = Release|Any CPU
		{57D21A6E-1C72-46ED-BBC5-AA424F1684F6}.Debug|Any CPU.ActiveCfg = Debug|Any CPU
		{57D21A6E-1C72-46ED-BBC5-AA424F1684F6}.Debug|Any CPU.Build.0 = Debug|Any CPU
		{57D21A6E-1C72-46ED-BBC5-AA424F1684F6}.Release|Any CPU.ActiveCfg = Release|Any CPU
		{57D21A6E-1C72-46ED-BBC5-AA424F1684F6}.Release|Any CPU.Build.0 = Release|Any CPU
		{FFB224D3-696F-4698-8073-BD4FC00A98DD}.Debug|Any CPU.ActiveCfg = Debug|Any CPU
		{FFB224D3-696F-4698-8073-BD4FC00A98DD}.Debug|Any CPU.Build.0 = Debug|Any CPU
		{FFB224D3-696F-4698-8073-BD4FC00A98DD}.Release|Any CPU.ActiveCfg = Release|Any CPU
		{FFB224D3-696F-4698-8073-BD4FC00A98DD}.Release|Any CPU.Build.0 = Release|Any CPU
	EndGlobalSection
	GlobalSection(SolutionProperties) = preSolution
		HideSolutionNode = FALSE
	EndGlobalSection
	GlobalSection(ExtensibilityGlobals) = postSolution
		SolutionGuid = {F86F2379-F16A-4A78-BCAA-6B83B09FC071}
	EndGlobalSection
EndGlobal
